
Microsoft Visual Studio Solution File, Format Version 12.00
# Visual Studio Version 17
VisualStudioVersion = 17.8.34330.188
MinimumVisualStudioVersion = 10.0.40219.1
Project("{FAE04EC0-301F-11D3-BF4B-00C04F79EFBC}") = "WPF_Regex", "WPF_Regex\WPF_Regex.csproj", "{57D2A472-7DCC-4970-9564-BC0D4ECA27AB}"
EndProject
Global
	GlobalSection(SolutionConfigurationPlatforms) = preSolution
		Debug|Any CPU = Debug|Any CPU
		Release|Any CPU = Release|Any CPU
	EndGlobalSection
	GlobalSection(ProjectConfigurationPlatforms) = postSolution
		{57D2A472-7DCC-4970-9564-BC0D4ECA27AB}.Debug|Any CPU.ActiveCfg = Debug|Any CPU
		{57D2A472-7DCC-4970-9564-BC0D4ECA27AB}.Debug|Any CPU.Build.0 = Debug|Any CPU
		{57D2A472-7DCC-4970-9564-BC0D4ECA27AB}.Release|Any CPU.ActiveCfg = Release|Any CPU
		{57D2A472-7DCC-4970-9564-BC0D4ECA27AB}.Release|Any CPU.Build.0 = Release|Any CPU
	EndGlobalSection
	GlobalSection(SolutionProperties) = preSolution
		HideSolutionNode = FALSE
	EndGlobalSection
	GlobalSection(ExtensibilityGlobals) = postSolution
		SolutionGuid = {D395DC2B-BDF8-4D33-A862-D754298808AB}
	EndGlobalSection
EndGlobal
