
Microsoft Visual Studio Solution File, Format Version 12.00
# Visual Studio Version 17
VisualStudioVersion = 17.8.34330.188
MinimumVisualStudioVersion = 10.0.40219.1
Project("{FAE04EC0-301F-11D3-BF4B-00C04F79EFBC}") = "WPF_Lab4", "WPF_Lab4\WPF_Lab4.csproj", "{29EBA29D-FB00-4D95-A476-8B3F4D682660}"
EndProject
Global
	GlobalSection(SolutionConfigurationPlatforms) = preSolution
		Debug|Any CPU = Debug|Any CPU
		Release|Any CPU = Release|Any CPU
	EndGlobalSection
	GlobalSection(ProjectConfigurationPlatforms) = postSolution
		{29EBA29D-FB00-4D95-A476-8B3F4D682660}.Debug|Any CPU.ActiveCfg = Debug|Any CPU
		{29EBA29D-FB00-4D95-A476-8B3F4D682660}.Debug|Any CPU.Build.0 = Debug|Any CPU
		{29EBA29D-FB00-4D95-A476-8B3F4D682660}.Release|Any CPU.ActiveCfg = Release|Any CPU
		{29EBA29D-FB00-4D95-A476-8B3F4D682660}.Release|Any CPU.Build.0 = Release|Any CPU
	EndGlobalSection
	GlobalSection(SolutionProperties) = preSolution
		HideSolutionNode = FALSE
	EndGlobalSection
	GlobalSection(ExtensibilityGlobals) = postSolution
		SolutionGuid = {A146D9F0-BACA-440C-98C3-2871E0E46322}
	EndGlobalSection
EndGlobal
